
Microsoft Visual Studio Solution File, Format Version 12.00
# Visual Studio Version 17
VisualStudioVersion = 17.1.32328.378
MinimumVisualStudioVersion = 10.0.40219.1
Project("{8BC9CEB8-8B4A-11D0-8D11-00A0C91BC942}") = "Dynamic Arrays", "Dynamic Arrays.vcxproj", "{BFA80DE4-5206-48C2-AE1D-DDC6C7A47D98}"
EndProject
Global
	GlobalSection(SolutionConfigurationPlatforms) = preSolution
		Debug|x64 = Debug|x64
		Debug|x86 = Debug|x86
		Release|x64 = Release|x64
		Release|x86 = Release|x86
	EndGlobalSection
	GlobalSection(ProjectConfigurationPlatforms) = postSolution
		{BFA80DE4-5206-48C2-AE1D-DDC6C7A47D98}.Debug|x64.ActiveCfg = Debug|x64
		{BFA80DE4-5206-48C2-AE1D-DDC6C7A47D98}.Debug|x64.Build.0 = Debug|x64
		{BFA80DE4-5206-48C2-AE1D-DDC6C7A47D98}.Debug|x86.ActiveCfg = Debug|Win32
		{BFA80DE4-5206-48C2-AE1D-DDC6C7A47D98}.Debug|x86.Build.0 = Debug|Win32
		{BFA80DE4-5206-48C2-AE1D-DDC6C7A47D98}.Release|x64.ActiveCfg = Release|x64
		{BFA80DE4-5206-48C2-AE1D-DDC6C7A47D98}.Release|x64.Build.0 = Release|x64
		{BFA80DE4-5206-48C2-AE1D-DDC6C7A47D98}.Release|x86.ActiveCfg = Release|Win32
		{BFA80DE4-5206-48C2-AE1D-DDC6C7A47D98}.Release|x86.Build.0 = Release|Win32
	EndGlobalSection
	GlobalSection(SolutionProperties) = preSolution
		HideSolutionNode = FALSE
	EndGlobalSection
	GlobalSection(ExtensibilityGlobals) = postSolution
		SolutionGuid = {3B22986D-05DD-4BFE-A033-641583A77802}
	EndGlobalSection
EndGlobal
